<?xml version="1.0" encoding="utf-8"?>
<Project ToolsVersion="4.0" xmlns="http://schemas.microsoft.com/developer/msbuild/2003">
  <ItemGroup>
    <Filter Include="Source Files">
      <UniqueIdentifier>{4FC737F1-C7A5-4376-A066-2A32D752A2FF}</UniqueIdentifier>
      <Extensions>cpp;c;cc;cxx;def;odl;idl;hpj;bat;asm;asmx</Extensions>
    </Filter>
    <Filter Include="Header Files">
      <UniqueIdentifier>{93995380-89BD-4b04-88EB-625FBE52EBFB}</UniqueIdentifier>
      <Extensions>h;hpp;hxx;hm;inl;inc;xsd</Extensions>
    </Filter>
    <Filter Include="crosscompile">
      <UniqueIdentifier>{52d21c18-6d21-4d97-9a96-e7a3f33b1dd5}</UniqueIdentifier>
    </Filter>
    <Filter Include="json">
      <UniqueIdentifier>{caed8300-c22a-4d76-9380-2b55120edaaa}</UniqueIdentifier>
    </Filter>
    <Filter Include="Devices">
      <UniqueIdentifier>{f1967572-afca-4c81-a06e-1eb4d560bb60}</UniqueIdentifier>
    </Filter>
    <Filter Include="Windows">
      <UniqueIdentifier>{b2fc9567-e487-4cee-b23e-9f6002b503b9}</UniqueIdentifier>
    </Filter>
    <Filter Include="SQLite">
      <UniqueIdentifier>{63d66a0f-1455-45ce-8e5a-8678aafbe57a}</UniqueIdentifier>
    </Filter>
    <Filter Include="XML">
      <UniqueIdentifier>{19baf552-3c12-432c-bebe-8bb25fa327d0}</UniqueIdentifier>
    </Filter>
    <Filter Include="Helpers">
      <UniqueIdentifier>{28b4175c-7997-44b0-8cf5-a27fe0b661cc}</UniqueIdentifier>
    </Filter>
    <Filter Include="Logger">
      <UniqueIdentifier>{00a6f809-e840-406e-bb5e-4796d71ed4a4}</UniqueIdentifier>
    </Filter>
    <Filter Include="Devices\Plugins">
      <UniqueIdentifier>{badebd31-6786-449e-86f2-16d87ae055da}</UniqueIdentifier>
    </Filter>
    <Filter Include="Web">
      <UniqueIdentifier>{5fdefb43-d67b-42dc-a4dc-d82927826bce}</UniqueIdentifier>
    </Filter>
    <Filter Include="Web\WebEm">
      <UniqueIdentifier>{817b12cb-b520-4962-a7db-5fd44b5f5f1e}</UniqueIdentifier>
    </Filter>
    <Filter Include="Web\www">
      <UniqueIdentifier>{86db03ef-13cf-48f9-8cfd-9c490e22c5d2}</UniqueIdentifier>
    </Filter>
    <Filter Include="Web\www\images">
      <UniqueIdentifier>{b0cd330c-5946-4add-aeb7-5a3630a90506}</UniqueIdentifier>
    </Filter>
    <Filter Include="Web\www\images\evehome">
      <UniqueIdentifier>{ace1d929-4a27-4189-a5da-dc9f55126118}</UniqueIdentifier>
    </Filter>
    <Filter Include="Web\www\images\logo">
      <UniqueIdentifier>{b1eb8ff3-d062-42d4-b1f5-c8e83b38bbf8}</UniqueIdentifier>
    </Filter>
    <Filter Include="Web\www\images\startup">
      <UniqueIdentifier>{af164a42-2b56-4492-9d15-18c847597889}</UniqueIdentifier>
    </Filter>
    <Filter Include="Web\www\images\floorplans">
      <UniqueIdentifier>{8ca49e6b-e8c1-4ced-9a15-7e910e113529}</UniqueIdentifier>
    </Filter>
    <Filter Include="Web\www\secpanel">
      <UniqueIdentifier>{98caa900-335e-47ad-99d3-de164664d8be}</UniqueIdentifier>
    </Filter>
    <Filter Include="Web\www\secpanel\css">
      <UniqueIdentifier>{4be708f3-9e5c-437d-9ef1-93e70ad18339}</UniqueIdentifier>
    </Filter>
  </ItemGroup>
  <ItemGroup>
    <None Include="..\CMakeLists.txt">
      <Filter>crosscompile</Filter>
    </None>
    <None Include="..\getsvn.cmake">
      <Filter>crosscompile</Filter>
    </None>
    <None Include="domoticz.ico">
      <Filter>Windows</Filter>
    </None>
    <None Include="..\www\zwavetopology.html">
      <Filter>Web\www</Filter>
    </None>
    <None Include="..\www\eventsframe.html">
      <Filter>Web\www</Filter>
    </None>
    <None Include="..\www\html5.appcache">
      <Filter>Web\www</Filter>
    </None>
    <None Include="..\www\index.html">
      <Filter>Web\www</Filter>
    </None>
    <None Include="..\www\secpanel\index.html">
      <Filter>Web\www\secpanel</Filter>
    </None>
    <None Include="..\www\secpanel\css\style.css">
      <Filter>Web\www\secpanel\css</Filter>
    </None>
  </ItemGroup>
  <ItemGroup>
    <ClInclude Include="..\hardware\DomoticzHardware.h">
      <Filter>Devices</Filter>
    </ClInclude>
    <ClInclude Include="..\main\appversion.h">
      <Filter>Header Files</Filter>
    </ClInclude>
    <ClInclude Include="..\main\Helper.h">
      <Filter>Header Files</Filter>
    </ClInclude>
    <ClInclude Include="..\main\mainworker.h">
      <Filter>Header Files</Filter>
    </ClInclude>
    <ClInclude Include="resource.h">
      <Filter>Header Files</Filter>
    </ClInclude>
    <ClInclude Include="..\main\SQLHelper.h">
      <Filter>Header Files</Filter>
    </ClInclude>
    <ClInclude Include="..\main\stdafx.h">
      <Filter>Header Files</Filter>
    </ClInclude>
    <ClInclude Include="WindowsHelper.h">
      <Filter>Windows</Filter>
    </ClInclude>
    <ClInclude Include="..\main\dirent_windows.h">
      <Filter>Windows</Filter>
    </ClInclude>
    <ClInclude Include="..\main\mainstructs.h">
      <Filter>Header Files</Filter>
    </ClInclude>
    <ClInclude Include="Version.h">
      <Filter>Header Files</Filter>
    </ClInclude>
    <ClInclude Include="..\sqlite\sqlite3.h">
      <Filter>SQLite</Filter>
    </ClInclude>
    <ClInclude Include="..\tinyxpath\tinyxml.h">
      <Filter>XML</Filter>
    </ClInclude>
    <ClInclude Include="..\tinyxpath\xpath_processor.h">
      <Filter>XML</Filter>
    </ClInclude>
    <ClInclude Include="..\hardware\plugins\icmp_header.hpp">
      <Filter>Devices\Plugins</Filter>
    </ClInclude>
    <ClInclude Include="..\hardware\plugins\ipv4_header.hpp">
      <Filter>Devices\Plugins</Filter>
    </ClInclude>
    <ClInclude Include="..\hardware\ASyncSerial.h">
      <Filter>Devices\Plugins</Filter>
    </ClInclude>
    <ClInclude Include="..\hardware\plugins\DelayedLink.h">
      <Filter>Devices\Plugins</Filter>
    </ClInclude>
    <ClInclude Include="..\hardware\plugins\PluginManager.h">
      <Filter>Devices\Plugins</Filter>
    </ClInclude>
    <ClInclude Include="..\hardware\plugins\PluginMessages.h">
      <Filter>Devices\Plugins</Filter>
    </ClInclude>
    <ClInclude Include="..\hardware\plugins\PluginProtocols.h">
      <Filter>Devices\Plugins</Filter>
    </ClInclude>
    <ClInclude Include="..\hardware\plugins\Plugins.h">
      <Filter>Devices\Plugins</Filter>
    </ClInclude>
    <ClInclude Include="..\hardware\plugins\PluginTransports.h">
      <Filter>Devices\Plugins</Filter>
    </ClInclude>
    <ClInclude Include="..\web\DataAccess.h">
      <Filter>Header Files</Filter>
    </ClInclude>
    <ClInclude Include="..\hardware\plugins\PythonDevices.h">
      <Filter>Devices\Plugins</Filter>
    </ClInclude>
    <ClInclude Include="..\hardware\plugins\PythonValues.h">
      <Filter>Devices\Plugins</Filter>
    </ClInclude>
    <ClInclude Include="..\hardware\plugins\PythonInterfaces.h">
      <Filter>Devices\Plugins</Filter>
    </ClInclude>
    <ClInclude Include="..\hardware\plugins\PythonConnections.h">
      <Filter>Devices\Plugins</Filter>
    </ClInclude>
  </ItemGroup>
  <ItemGroup>
    <ClCompile Include="..\json\json_value.cpp">
      <Filter>json</Filter>
    </ClCompile>
    <ClCompile Include="..\json\json_writer.cpp">
      <Filter>json</Filter>
    </ClCompile>
    <ClCompile Include="..\json\json_reader.cpp">
      <Filter>json</Filter>
    </ClCompile>
    <ClCompile Include="..\hardware\DomoticzHardware.cpp">
      <Filter>Devices</Filter>
    </ClCompile>
    <ClCompile Include="..\main\domoticz.cpp">
      <Filter>Source Files</Filter>
    </ClCompile>
    <ClCompile Include="..\main\mainworker.cpp">
      <Filter>Source Files</Filter>
    </ClCompile>
    <ClCompile Include="..\main\stdafx.cpp">
      <Filter>Source Files</Filter>
    </ClCompile>
    <ClCompile Include="WindowsHelper.cpp">
      <Filter>Windows</Filter>
    </ClCompile>
    <ClCompile Include="..\sqlite\sqlite3.c">
      <Filter>SQLite</Filter>
    </ClCompile>
    <ClCompile Include="..\tinyxpath\xml_util.cpp">
      <Filter>XML</Filter>
    </ClCompile>
    <ClCompile Include="..\tinyxpath\xpath_expression.cpp">
      <Filter>XML</Filter>
    </ClCompile>
    <ClCompile Include="..\tinyxpath\xpath_processor.cpp">
      <Filter>XML</Filter>
    </ClCompile>
    <ClCompile Include="..\tinyxpath\xpath_stack.cpp">
      <Filter>XML</Filter>
    </ClCompile>
    <ClCompile Include="..\tinyxpath\xpath_static.cpp">
      <Filter>XML</Filter>
    </ClCompile>
    <ClCompile Include="..\tinyxpath\xpath_stream.cpp">
      <Filter>XML</Filter>
    </ClCompile>
    <ClCompile Include="..\tinyxpath\xpath_syntax.cpp">
      <Filter>XML</Filter>
    </ClCompile>
    <ClCompile Include="..\tinyxpath\action_store.cpp">
      <Filter>XML</Filter>
    </ClCompile>
    <ClCompile Include="..\tinyxpath\htmlutil.cpp">
      <Filter>XML</Filter>
    </ClCompile>
    <ClCompile Include="..\tinyxpath\lex_util.cpp">
      <Filter>XML</Filter>
    </ClCompile>
    <ClCompile Include="..\tinyxpath\node_set.cpp">
      <Filter>XML</Filter>
    </ClCompile>
    <ClCompile Include="..\tinyxpath\tinystr.cpp">
      <Filter>XML</Filter>
    </ClCompile>
    <ClCompile Include="..\tinyxpath\tinyxml.cpp">
      <Filter>XML</Filter>
    </ClCompile>
    <ClCompile Include="..\tinyxpath\tinyxmlerror.cpp">
      <Filter>XML</Filter>
    </ClCompile>
    <ClCompile Include="..\tinyxpath\tinyxmlparser.cpp">
      <Filter>XML</Filter>
    </ClCompile>
    <ClCompile Include="..\tinyxpath\tokenlist.cpp">
      <Filter>XML</Filter>
    </ClCompile>
    <ClCompile Include="..\main\CmdLine.cpp">
      <Filter>Helpers</Filter>
    </ClCompile>
    <ClCompile Include="..\main\SignalHandler.cpp">
      <Filter>Helpers</Filter>
    </ClCompile>
    <ClCompile Include="..\main\SunRiseSet.cpp">
      <Filter>Helpers</Filter>
    </ClCompile>
    <ClCompile Include="..\main\Logger.cpp">
      <Filter>Logger</Filter>
    </ClCompile>
    <ClCompile Include="..\hardware\ASyncSerial.cpp">
      <Filter>Devices\Plugins</Filter>
    </ClCompile>
    <ClCompile Include="..\hardware\plugins\DelayedLink.cpp">
      <Filter>Devices\Plugins</Filter>
    </ClCompile>
    <ClCompile Include="..\hardware\plugins\PluginManager.cpp">
      <Filter>Devices\Plugins</Filter>
    </ClCompile>
    <ClCompile Include="..\hardware\plugins\PluginProtocols.cpp">
      <Filter>Devices\Plugins</Filter>
    </ClCompile>
    <ClCompile Include="..\hardware\plugins\Plugins.cpp">
      <Filter>Devices\Plugins</Filter>
    </ClCompile>
    <ClCompile Include="..\hardware\plugins\PluginTransports.cpp">
      <Filter>Devices\Plugins</Filter>
    </ClCompile>
    <ClCompile Include="..\web\WebServer.cpp">
      <Filter>Web</Filter>
    </ClCompile>
    <ClCompile Include="..\web\webserver\Base64.cpp">
      <Filter>Web\WebEm</Filter>
    </ClCompile>
    <ClCompile Include="..\web\webserver\connection.cpp">
      <Filter>Web\WebEm</Filter>
    </ClCompile>
    <ClCompile Include="..\web\webserver\connection_manager.cpp">
      <Filter>Web\WebEm</Filter>
    </ClCompile>
    <ClCompile Include="..\web\webserver\cWebem.cpp">
      <Filter>Web\WebEm</Filter>
    </ClCompile>
    <ClCompile Include="..\web\webserver\mime_types.cpp">
      <Filter>Web\WebEm</Filter>
    </ClCompile>
    <ClCompile Include="..\web\webserver\reply.cpp">
      <Filter>Web\WebEm</Filter>
    </ClCompile>
    <ClCompile Include="..\web\webserver\request_handler.cpp">
      <Filter>Web\WebEm</Filter>
    </ClCompile>
    <ClCompile Include="..\web\webserver\request_parser.cpp">
      <Filter>Web\WebEm</Filter>
    </ClCompile>
    <ClCompile Include="..\web\webserver\server.cpp">
      <Filter>Web\WebEm</Filter>
    </ClCompile>
    <ClCompile Include="..\main\Helper.cpp">
      <Filter>Helpers</Filter>
    </ClCompile>
    <ClCompile Include="..\main\SQLHelper.cpp">
      <Filter>Helpers</Filter>
    </ClCompile>
    <ClCompile Include="..\web\WebServerHelper.cpp">
      <Filter>Web</Filter>
    </ClCompile>
    <ClCompile Include="..\main\localtime_r.cpp">
      <Filter>Helpers</Filter>
    </ClCompile>
    <ClCompile Include="..\web\REST.cpp">
      <Filter>Web</Filter>
    </ClCompile>
    <ClCompile Include="..\main\UpdatePublisher.cpp">
      <Filter>Source Files</Filter>
    </ClCompile>
    <ClCompile Include="..\web\Websockets.cpp">
      <Filter>Web</Filter>
    </ClCompile>
    <ClCompile Include="..\web\DataAccess.cpp">
      <Filter>Web</Filter>
    </ClCompile>
    <ClCompile Include="..\hardware\plugins\PythonDevices.cpp">
      <Filter>Devices\Plugins</Filter>
    </ClCompile>
    <ClCompile Include="..\hardware\plugins\PythonValues.cpp">
      <Filter>Devices\Plugins</Filter>
    </ClCompile>
    <ClCompile Include="..\hardware\plugins\PythonInterfaces.cpp">
      <Filter>Devices\Plugins</Filter>
    </ClCompile>
    <ClCompile Include="..\hardware\plugins\PythonConnections.cpp">
      <Filter>Devices\Plugins</Filter>
    </ClCompile>
  </ItemGroup>
  <ItemGroup>
    <ResourceCompile Include="domoticz.rc">
      <Filter>Windows</Filter>
    </ResourceCompile>
  </ItemGroup>
  <ItemGroup>
    <Image Include="..\www\favicon.ico">
      <Filter>Web\www</Filter>
    </Image>
    <Image Include="..\www\images\about.png">
      <Filter>Web\www\images</Filter>
    </Image>
    <Image Include="..\www\images\add.png">
      <Filter>Web\www\images</Filter>
    </Image>
    <Image Include="..\www\images\adjust48.png">
      <Filter>Web\www\images</Filter>
    </Image>
    <Image Include="..\www\images\air.png">
      <Filter>Web\www\images</Filter>
    </Image>
    <Image Include="..\www\images\air_signal.png">
      <Filter>Web\www\images</Filter>
    </Image>
    <Image Include="..\www\images\air48.png">
      <Filter>Web\www\images</Filter>
    </Image>
    <Image Include="..\www\images\Alarm.png">
      <Filter>Web\www\images</Filter>
    </Image>
    <Image Include="..\www\images\Alarm48_Off.png">
      <Filter>Web\www\images</Filter>
    </Image>
    <Image Include="..\www\images\Alarm48_On.png">
      <Filter>Web\www\images</Filter>
    </Image>
    <Image Include="..\www\images\Alert.png">
      <Filter>Web\www\images</Filter>
    </Image>
    <Image Include="..\www\images\Alert48_0.png">
      <Filter>Web\www\images</Filter>
    </Image>
    <Image Include="..\www\images\Alert48_1.png">
      <Filter>Web\www\images</Filter>
    </Image>
    <Image Include="..\www\images\Alert48_2.png">
      <Filter>Web\www\images</Filter>
    </Image>
    <Image Include="..\www\images\Alert48_3.png">
      <Filter>Web\www\images</Filter>
    </Image>
    <Image Include="..\www\images\Alert48_4.png">
      <Filter>Web\www\images</Filter>
    </Image>
    <Image Include="..\www\images\Amplifier.png">
      <Filter>Web\www\images</Filter>
    </Image>
    <Image Include="..\www\images\Amplifier48_Off.png">
      <Filter>Web\www\images</Filter>
    </Image>
    <Image Include="..\www\images\Amplifier48_On.png">
      <Filter>Web\www\images</Filter>
    </Image>
    <Image Include="..\www\images\back_disabled.png">
      <Filter>Web\www\images</Filter>
    </Image>
    <Image Include="..\www\images\back_enabled.png">
      <Filter>Web\www\images</Filter>
    </Image>
    <Image Include="..\www\images\back_enabled_hover.png">
      <Filter>Web\www\images</Filter>
    </Image>
    <Image Include="..\www\images\background.png">
      <Filter>Web\www\images</Filter>
    </Image>
    <Image Include="..\www\images\baro48.png">
      <Filter>Web\www\images</Filter>
    </Image>
    <Image Include="..\www\images\battery.png">
      <Filter>Web\www\images</Filter>
    </Image>
    <Image Include="..\www\images\battery-low.png">
      <Filter>Web\www\images</Filter>
    </Image>
    <Image Include="..\www\images\battery-ok.png">
      <Filter>Web\www\images</Filter>
    </Image>
    <Image Include="..\www\images\bbq.png">
      <Filter>Web\www\images</Filter>
    </Image>
    <Image Include="..\www\images\blinds.png">
      <Filter>Web\www\images</Filter>
    </Image>
    <Image Include="..\www\images\blinds48.png">
      <Filter>Web\www\images</Filter>
    </Image>
    <Image Include="..\www\images\blinds48sel.png">
      <Filter>Web\www\images</Filter>
    </Image>
    <Image Include="..\www\images\blindsopen48.png">
      <Filter>Web\www\images</Filter>
    </Image>
    <Image Include="..\www\images\blindsopen48sel.png">
      <Filter>Web\www\images</Filter>
    </Image>
    <Image Include="..\www\images\blindsstop.png">
      <Filter>Web\www\images</Filter>
    </Image>
    <Image Include="..\www\images\button.png">
      <Filter>Web\www\images</Filter>
    </Image>
    <Image Include="..\www\images\camera_default.png">
      <Filter>Web\www\images</Filter>
    </Image>
    <Image Include="..\www\images\camera-web.png">
      <Filter>Web\www\images</Filter>
    </Image>
    <Image Include="..\www\images\capture.png">
      <Filter>Web\www\images</Filter>
    </Image>
    <Image Include="..\www\images\ChristmasTree.png">
      <Filter>Web\www\images</Filter>
    </Image>
    <Image Include="..\www\images\ChristmasTree48_Off.png">
      <Filter>Web\www\images</Filter>
    </Image>
    <Image Include="..\www\images\ChristmasTree48_On.png">
      <Filter>Web\www\images</Filter>
    </Image>
    <Image Include="..\www\images\clock.png">
      <Filter>Web\www\images</Filter>
    </Image>
    <Image Include="..\www\images\clock48.png">
      <Filter>Web\www\images</Filter>
    </Image>
    <Image Include="..\www\images\collection.png">
      <Filter>Web\www\images</Filter>
    </Image>
    <Image Include="..\www\images\collection_hover.png">
      <Filter>Web\www\images</Filter>
    </Image>
    <Image Include="..\www\images\Computer.png">
      <Filter>Web\www\images</Filter>
    </Image>
    <Image Include="..\www\images\Computer48_Off.png">
      <Filter>Web\www\images</Filter>
    </Image>
    <Image Include="..\www\images\Computer48_On.png">
      <Filter>Web\www\images</Filter>
    </Image>
    <Image Include="..\www\images\ComputerPC.png">
      <Filter>Web\www\images</Filter>
    </Image>
    <Image Include="..\www\images\ComputerPC48_Off.png">
      <Filter>Web\www\images</Filter>
    </Image>
    <Image Include="..\www\images\ComputerPC48_On.png">
      <Filter>Web\www\images</Filter>
    </Image>
    <Image Include="..\www\images\contact.png">
      <Filter>Web\www\images</Filter>
    </Image>
    <Image Include="..\www\images\contact_open.png">
      <Filter>Web\www\images</Filter>
    </Image>
    <Image Include="..\www\images\contact48.png">
      <Filter>Web\www\images</Filter>
    </Image>
    <Image Include="..\www\images\contact48_open.png">
      <Filter>Web\www\images</Filter>
    </Image>
    <Image Include="..\www\images\Cooling.png">
      <Filter>Web\www\images</Filter>
    </Image>
    <Image Include="..\www\images\Cooling48_Off.png">
      <Filter>Web\www\images</Filter>
    </Image>
    <Image Include="..\www\images\Cooling48_On.png">
      <Filter>Web\www\images</Filter>
    </Image>
    <Image Include="..\www\images\copy.png">
      <Filter>Web\www\images</Filter>
    </Image>
    <Image Include="..\www\images\copy_hover.png">
      <Filter>Web\www\images</Filter>
    </Image>
    <Image Include="..\www\images\counter.png">
      <Filter>Web\www\images</Filter>
    </Image>
    <Image Include="..\www\images\Counter48.png">
      <Filter>Web\www\images</Filter>
    </Image>
    <Image Include="..\www\images\csv.png">
      <Filter>Web\www\images</Filter>
    </Image>
    <Image Include="..\www\images\csv_hover.png">
      <Filter>Web\www\images</Filter>
    </Image>
    <Image Include="..\www\images\current.png">
      <Filter>Web\www\images</Filter>
    </Image>
    <Image Include="..\www\images\current48.png">
      <Filter>Web\www\images</Filter>
    </Image>
    <Image Include="..\www\images\customicons.png">
      <Filter>Web\www\images</Filter>
    </Image>
    <Image Include="..\www\images\delete.png">
      <Filter>Web\www\images</Filter>
    </Image>
    <Image Include="..\www\images\demand.png">
      <Filter>Web\www\images</Filter>
    </Image>
    <Image Include="..\www\images\demand_mini.png">
      <Filter>Web\www\images</Filter>
    </Image>
    <Image Include="..\www\images\desktop.png">
      <Filter>Web\www\images</Filter>
    </Image>
    <Image Include="..\www\images\details.png">
      <Filter>Web\www\images</Filter>
    </Image>
    <Image Include="..\www\images\devices.png">
      <Filter>Web\www\images</Filter>
    </Image>
    <Image Include="..\www\images\Dimmer48_Off.png">
      <Filter>Web\www\images</Filter>
    </Image>
    <Image Include="..\www\images\Dimmer48_On.png">
      <Filter>Web\www\images</Filter>
    </Image>
    <Image Include="..\www\images\door.png">
      <Filter>Web\www\images</Filter>
    </Image>
    <Image Include="..\www\images\door48.png">
      <Filter>Web\www\images</Filter>
    </Image>
    <Image Include="..\www\images\door48open.png">
      <Filter>Web\www\images</Filter>
    </Image>
    <Image Include="..\www\images\doorbell.png">
      <Filter>Web\www\images</Filter>
    </Image>
    <Image Include="..\www\images\doorbell48.png">
      <Filter>Web\www\images</Filter>
    </Image>
    <Image Include="..\www\images\down.png">
      <Filter>Web\www\images</Filter>
    </Image>
    <Image Include="..\www\images\Down48.png">
      <Filter>Web\www\images</Filter>
    </Image>
    <Image Include="..\www\images\Down48_2.png">
      <Filter>Web\www\images</Filter>
    </Image>
    <Image Include="..\www\images\edit.png">
      <Filter>Web\www\images</Filter>
    </Image>
    <Image Include="..\www\images\empty16.png">
      <Filter>Web\www\images</Filter>
    </Image>
    <Image Include="..\www\images\equal.png">
      <Filter>Web\www\images</Filter>
    </Image>
    <Image Include="..\www\images\events.png">
      <Filter>Web\www\images</Filter>
    </Image>
    <Image Include="..\www\images\expand16.png">
      <Filter>Web\www\images</Filter>
    </Image>
    <Image Include="..\www\images\failed.png">
      <Filter>Web\www\images</Filter>
    </Image>
    <Image Include="..\www\images\Fan.png">
      <Filter>Web\www\images</Filter>
    </Image>
    <Image Include="..\www\images\Fan48_Off.png">
      <Filter>Web\www\images</Filter>
    </Image>
    <Image Include="..\www\images\Fan48_On.png">
      <Filter>Web\www\images</Filter>
    </Image>
    <Image Include="..\www\images\favorite.png">
      <Filter>Web\www\images</Filter>
    </Image>
    <Image Include="..\www\images\Fireplace.png">
      <Filter>Web\www\images</Filter>
    </Image>
    <Image Include="..\www\images\Fireplace48_Off.png">
      <Filter>Web\www\images</Filter>
    </Image>
    <Image Include="..\www\images\Fireplace48_On.png">
      <Filter>Web\www\images</Filter>
    </Image>
    <Image Include="..\www\images\forward_disabled.png">
      <Filter>Web\www\images</Filter>
    </Image>
    <Image Include="..\www\images\forward_enabled.png">
      <Filter>Web\www\images</Filter>
    </Image>
    <Image Include="..\www\images\forward_enabled_hover.png">
      <Filter>Web\www\images</Filter>
    </Image>
    <Image Include="..\www\images\Gas48.png">
      <Filter>Web\www\images</Filter>
    </Image>
    <Image Include="..\www\images\gauge.png">
      <Filter>Web\www\images</Filter>
    </Image>
    <Image Include="..\www\images\gauge48.png">
      <Filter>Web\www\images</Filter>
    </Image>
    <Image Include="..\www\images\Generic.png">
      <Filter>Web\www\images</Filter>
    </Image>
    <Image Include="..\www\images\Generic48_Off.png">
      <Filter>Web\www\images</Filter>
    </Image>
    <Image Include="..\www\images\Generic48_On.png">
      <Filter>Web\www\images</Filter>
    </Image>
    <Image Include="..\www\images\glyphicons-halflings.png">
      <Filter>Web\www\images</Filter>
    </Image>
    <Image Include="..\www\images\glyphicons-halflings-white.png">
      <Filter>Web\www\images</Filter>
    </Image>
    <Image Include="..\www\images\handle.png">
      <Filter>Web\www\images</Filter>
    </Image>
    <Image Include="..\www\images\Harddisk.png">
      <Filter>Web\www\images</Filter>
    </Image>
    <Image Include="..\www\images\Harddisk48_Off.png">
      <Filter>Web\www\images</Filter>
    </Image>
    <Image Include="..\www\images\Harddisk48_On.png">
      <Filter>Web\www\images</Filter>
    </Image>
    <Image Include="..\www\images\hardware.png">
      <Filter>Web\www\images</Filter>
    </Image>
    <Image Include="..\www\images\heal.png">
      <Filter>Web\www\images</Filter>
    </Image>
    <Image Include="..\www\images\Heating.png">
      <Filter>Web\www\images</Filter>
    </Image>
    <Image Include="..\www\images\Heating48_Off.png">
      <Filter>Web\www\images</Filter>
    </Image>
    <Image Include="..\www\images\Heating48_On.png">
      <Filter>Web\www\images</Filter>
    </Image>
    <Image Include="..\www\images\hold.png">
      <Filter>Web\www\images</Filter>
    </Image>
    <Image Include="..\www\images\hold_mini.png">
      <Filter>Web\www\images</Filter>
    </Image>
    <Image Include="..\www\images\house.png">
      <Filter>Web\www\images</Filter>
    </Image>
    <Image Include="..\www\images\ice.png">
      <Filter>Web\www\images</Filter>
    </Image>
    <Image Include="..\www\images\insert.png">
      <Filter>Web\www\images</Filter>
    </Image>
    <Image Include="..\www\images\iphone-icon.png">
      <Filter>Web\www\images</Filter>
    </Image>
    <Image Include="..\www\images\leaf.png">
      <Filter>Web\www\images</Filter>
    </Image>
    <Image Include="..\www\images\leaf48.png">
      <Filter>Web\www\images</Filter>
    </Image>
    <Image Include="..\www\images\Light48_Off.png">
      <Filter>Web\www\images</Filter>
    </Image>
    <Image Include="..\www\images\Light48_On.png">
      <Filter>Web\www\images</Filter>
    </Image>
    <Image Include="..\www\images\lightbulb.png">
      <Filter>Web\www\images</Filter>
    </Image>
    <Image Include="..\www\images\lightbulboff.png">
      <Filter>Web\www\images</Filter>
    </Image>
    <Image Include="..\www\images\lock_closed.png">
      <Filter>Web\www\images</Filter>
    </Image>
    <Image Include="..\www\images\lock_open.png">
      <Filter>Web\www\images</Filter>
    </Image>
    <Image Include="..\www\images\log.png">
      <Filter>Web\www\images</Filter>
    </Image>
    <Image Include="..\www\images\login-sprite.png">
      <Filter>Web\www\images</Filter>
    </Image>
    <Image Include="..\www\images\LogitechMediaServer.png">
      <Filter>Web\www\images</Filter>
    </Image>
    <Image Include="..\www\images\LogitechMediaServer48_Off.png">
      <Filter>Web\www\images</Filter>
    </Image>
    <Image Include="..\www\images\LogitechMediaServer48_On.png">
      <Filter>Web\www\images</Filter>
    </Image>
    <Image Include="..\www\images\logo.png">
      <Filter>Web\www\images</Filter>
    </Image>
    <Image Include="..\www\images\logo192.png">
      <Filter>Web\www\images</Filter>
    </Image>
    <Image Include="..\www\images\logout.png">
      <Filter>Web\www\images</Filter>
    </Image>
    <Image Include="..\www\images\lux.png">
      <Filter>Web\www\images</Filter>
    </Image>
    <Image Include="..\www\images\lux48.png">
      <Filter>Web\www\images</Filter>
    </Image>
    <Image Include="..\www\images\Media.png">
      <Filter>Web\www\images</Filter>
    </Image>
    <Image Include="..\www\images\Media48_Off.png">
      <Filter>Web\www\images</Filter>
    </Image>
    <Image Include="..\www\images\Media48_On.png">
      <Filter>Web\www\images</Filter>
    </Image>
    <Image Include="..\www\images\mode.png">
      <Filter>Web\www\images</Filter>
    </Image>
    <Image Include="..\www\images\mode48.png">
      <Filter>Web\www\images</Filter>
    </Image>
    <Image Include="..\www\images\moisture.png">
      <Filter>Web\www\images</Filter>
    </Image>
    <Image Include="..\www\images\moisture48.png">
      <Filter>Web\www\images</Filter>
    </Image>
    <Image Include="..\www\images\motion.png">
      <Filter>Web\www\images</Filter>
    </Image>
    <Image Include="..\www\images\motion48-off.png">
      <Filter>Web\www\images</Filter>
    </Image>
    <Image Include="..\www\images\motion48-on.png">
      <Filter>Web\www\images</Filter>
    </Image>
    <Image Include="..\www\images\motionoff.png">
      <Filter>Web\www\images</Filter>
    </Image>
    <Image Include="..\www\images\nebula.jpg">
      <Filter>Web\www\images</Filter>
    </Image>
    <Image Include="..\www\images\next.png">
      <Filter>Web\www\images</Filter>
    </Image>
    <Image Include="..\www\images\nodemand.png">
      <Filter>Web\www\images</Filter>
    </Image>
    <Image Include="..\www\images\nodemand_mini.png">
      <Filter>Web\www\images</Filter>
    </Image>
    <Image Include="..\www\images\nofavorite.png">
      <Filter>Web\www\images</Filter>
    </Image>
    <Image Include="..\www\images\notification.png">
      <Filter>Web\www\images</Filter>
    </Image>
    <Image Include="..\www\images\off.png">
      <Filter>Web\www\images</Filter>
    </Image>
    <Image Include="..\www\images\ok.png">
      <Filter>Web\www\images</Filter>
    </Image>
    <Image Include="..\www\images\on.png">
      <Filter>Web\www\images</Filter>
    </Image>
    <Image Include="..\www\images\onoff48.png">
      <Filter>Web\www\images</Filter>
    </Image>
    <Image Include="..\www\images\override.png">
      <Filter>Web\www\images</Filter>
    </Image>
    <Image Include="..\www\images\override_mini.png">
      <Filter>Web\www\images</Filter>
    </Image>
    <Image Include="..\www\images\overrule.png">
      <Filter>Web\www\images</Filter>
    </Image>
    <Image Include="..\www\images\overrule_mini.png">
      <Filter>Web\www\images</Filter>
    </Image>
    <Image Include="..\www\images\pdf.png">
      <Filter>Web\www\images</Filter>
    </Image>
    <Image Include="..\www\images\pdf_hover.png">
      <Filter>Web\www\images</Filter>
    </Image>
    <Image Include="..\www\images\Percentage48.png">
      <Filter>Web\www\images</Filter>
    </Image>
    <Image Include="..\www\images\Phone.png">
      <Filter>Web\www\images</Filter>
    </Image>
    <Image Include="..\www\images\Phone48_Off.png">
      <Filter>Web\www\images</Filter>
    </Image>
    <Image Include="..\www\images\Phone48_On.png">
      <Filter>Web\www\images</Filter>
    </Image>
    <Image Include="..\www\images\print.png">
      <Filter>Web\www\images</Filter>
    </Image>
    <Image Include="..\www\images\print_hover.png">
      <Filter>Web\www\images</Filter>
    </Image>
    <Image Include="..\www\images\Printer.png">
      <Filter>Web\www\images</Filter>
    </Image>
    <Image Include="..\www\images\Printer48_Off.png">
      <Filter>Web\www\images</Filter>
    </Image>
    <Image Include="..\www\images\Printer48_On.png">
      <Filter>Web\www\images</Filter>
    </Image>
    <Image Include="..\www\images\program.png">
      <Filter>Web\www\images</Filter>
    </Image>
    <Image Include="..\www\images\program_mini.png">
      <Filter>Web\www\images</Filter>
    </Image>
    <Image Include="..\www\images\proxy.png">
      <Filter>Web\www\images</Filter>
    </Image>
    <Image Include="..\www\images\push.png">
      <Filter>Web\www\images</Filter>
    </Image>
    <Image Include="..\www\images\push48.png">
      <Filter>Web\www\images</Filter>
    </Image>
    <Image Include="..\www\images\pushoff.png">
      <Filter>Web\www\images</Filter>
    </Image>
    <Image Include="..\www\images\pushoff48.png">
      <Filter>Web\www\images</Filter>
    </Image>
    <Image Include="..\www\images\pushon.png">
      <Filter>Web\www\images</Filter>
    </Image>
    <Image Include="..\www\images\pushon48.png">
      <Filter>Web\www\images</Filter>
    </Image>
    <Image Include="..\www\images\PV48.png">
      <Filter>Web\www\images</Filter>
    </Image>
    <Image Include="..\www\images\radiation.png">
      <Filter>Web\www\images</Filter>
    </Image>
    <Image Include="..\www\images\radiation48.png">
      <Filter>Web\www\images</Filter>
    </Image>
    <Image Include="..\www\images\rain.png">
      <Filter>Web\www\images</Filter>
    </Image>
    <Image Include="..\www\images\rain48.png">
      <Filter>Web\www\images</Filter>
    </Image>
    <Image Include="..\www\images\rainraining.png">
      <Filter>Web\www\images</Filter>
    </Image>
    <Image Include="..\www\images\remote.png">
      <Filter>Web\www\images</Filter>
    </Image>
    <Image Include="..\www\images\remote48.png">
      <Filter>Web\www\images</Filter>
    </Image>
    <Image Include="..\www\images\remove.png">
      <Filter>Web\www\images</Filter>
    </Image>
    <Image Include="..\www\images\rename.png">
      <Filter>Web\www\images</Filter>
    </Image>
    <Image Include="..\www\images\restart.png">
      <Filter>Web\www\images</Filter>
    </Image>
    <Image Include="..\www\images\RGB.png">
      <Filter>Web\www\images</Filter>
    </Image>
    <Image Include="..\www\images\RGB48_Off.png">
      <Filter>Web\www\images</Filter>
    </Image>
    <Image Include="..\www\images\RGB48_On.png">
      <Filter>Web\www\images</Filter>
    </Image>
    <Image Include="..\www\images\scale.png">
      <Filter>Web\www\images</Filter>
    </Image>
    <Image Include="..\www\images\scale48.png">
      <Filter>Web\www\images</Filter>
    </Image>
    <Image Include="..\www\images\scenes.png">
      <Filter>Web\www\images</Filter>
    </Image>
    <Image Include="..\www\images\security.png">
      <Filter>Web\www\images</Filter>
    </Image>
    <Image Include="..\www\images\security48.png">
      <Filter>Web\www\images</Filter>
    </Image>
    <Image Include="..\www\images\setup.png">
      <Filter>Web\www\images</Filter>
    </Image>
    <Image Include="..\www\images\shutdown.png">
      <Filter>Web\www\images</Filter>
    </Image>
    <Image Include="..\www\images\siren.png">
      <Filter>Web\www\images</Filter>
    </Image>
    <Image Include="..\www\images\siren-off.png">
      <Filter>Web\www\images</Filter>
    </Image>
    <Image Include="..\www\images\siren-on.png">
      <Filter>Web\www\images</Filter>
    </Image>
    <Image Include="..\www\images\sleep.png">
      <Filter>Web\www\images</Filter>
    </Image>
    <Image Include="..\www\images\smoke.png">
      <Filter>Web\www\images</Filter>
    </Image>
    <Image Include="..\www\images\smoke48off.png">
      <Filter>Web\www\images</Filter>
    </Image>
    <Image Include="..\www\images\smoke48on.png">
      <Filter>Web\www\images</Filter>
    </Image>
    <Image Include="..\www\images\smokeoff.png">
      <Filter>Web\www\images</Filter>
    </Image>
    <Image Include="..\www\images\sort_asc.png">
      <Filter>Web\www\images</Filter>
    </Image>
    <Image Include="..\www\images\sort_asc_disabled.png">
      <Filter>Web\www\images</Filter>
    </Image>
    <Image Include="..\www\images\sort_both.png">
      <Filter>Web\www\images</Filter>
    </Image>
    <Image Include="..\www\images\sort_desc.png">
      <Filter>Web\www\images</Filter>
    </Image>
    <Image Include="..\www\images\sort_desc_disabled.png">
      <Filter>Web\www\images</Filter>
    </Image>
    <Image Include="..\www\images\Speaker.png">
      <Filter>Web\www\images</Filter>
    </Image>
    <Image Include="..\www\images\Speaker48_Off.png">
      <Filter>Web\www\images</Filter>
    </Image>
    <Image Include="..\www\images\Speaker48_On.png">
      <Filter>Web\www\images</Filter>
    </Image>
    <Image Include="..\www\images\Stop48.png">
      <Filter>Web\www\images</Filter>
    </Image>
    <Image Include="..\www\images\switch.png">
      <Filter>Web\www\images</Filter>
    </Image>
    <Image Include="..\www\images\temp-0-5.png">
      <Filter>Web\www\images</Filter>
    </Image>
    <Image Include="..\www\images\temp-5-10.png">
      <Filter>Web\www\images</Filter>
    </Image>
    <Image Include="..\www\images\temp-10-15.png">
      <Filter>Web\www\images</Filter>
    </Image>
    <Image Include="..\www\images\temp-15-20.png">
      <Filter>Web\www\images</Filter>
    </Image>
    <Image Include="..\www\images\temp-20-25.png">
      <Filter>Web\www\images</Filter>
    </Image>
    <Image Include="..\www\images\temp-25-30.png">
      <Filter>Web\www\images</Filter>
    </Image>
    <Image Include="..\www\images\temp48.png">
      <Filter>Web\www\images</Filter>
    </Image>
    <Image Include="..\www\images\temperature.png">
      <Filter>Web\www\images</Filter>
    </Image>
    <Image Include="..\www\images\temp-gt-30.png">
      <Filter>Web\www\images</Filter>
    </Image>
    <Image Include="..\www\images\text.png">
      <Filter>Web\www\images</Filter>
    </Image>
    <Image Include="..\www\images\text48.png">
      <Filter>Web\www\images</Filter>
    </Image>
    <Image Include="..\www\images\TV.png">
      <Filter>Web\www\images</Filter>
    </Image>
    <Image Include="..\www\images\TV48_Off.png">
      <Filter>Web\www\images</Filter>
    </Image>
    <Image Include="..\www\images\TV48_On.png">
      <Filter>Web\www\images</Filter>
    </Image>
    <Image Include="..\www\images\unknown.png">
      <Filter>Web\www\images</Filter>
    </Image>
    <Image Include="..\www\images\up.png">
      <Filter>Web\www\images</Filter>
    </Image>
    <Image Include="..\www\images\Up48.png">
      <Filter>Web\www\images</Filter>
    </Image>
    <Image Include="..\www\images\Up48_2.png">
      <Filter>Web\www\images</Filter>
    </Image>
    <Image Include="..\www\images\users.png">
      <Filter>Web\www\images</Filter>
    </Image>
    <Image Include="..\www\images\utility.png">
      <Filter>Web\www\images</Filter>
    </Image>
    <Image Include="..\www\images\uv.png">
      <Filter>Web\www\images</Filter>
    </Image>
    <Image Include="..\www\images\uv48.png">
      <Filter>Web\www\images</Filter>
    </Image>
    <Image Include="..\www\images\uvdark.png">
      <Filter>Web\www\images</Filter>
    </Image>
    <Image Include="..\www\images\uvsunny.png">
      <Filter>Web\www\images</Filter>
    </Image>
    <Image Include="..\www\images\variables.png">
      <Filter>Web\www\images</Filter>
    </Image>
    <Image Include="..\www\images\visibility.png">
      <Filter>Web\www\images</Filter>
    </Image>
    <Image Include="..\www\images\visibility48.png">
      <Filter>Web\www\images</Filter>
    </Image>
    <Image Include="..\www\images\WallSocket.png">
      <Filter>Web\www\images</Filter>
    </Image>
    <Image Include="..\www\images\WallSocket48_Off.png">
      <Filter>Web\www\images</Filter>
    </Image>
    <Image Include="..\www\images\WallSocket48_On.png">
      <Filter>Web\www\images</Filter>
    </Image>
    <Image Include="..\www\images\Water.png">
      <Filter>Web\www\images</Filter>
    </Image>
    <Image Include="..\www\images\Water48_Off.png">
      <Filter>Web\www\images</Filter>
    </Image>
    <Image Include="..\www\images\Water48_On.png">
      <Filter>Web\www\images</Filter>
    </Image>
    <Image Include="..\www\images\webcam.png">
      <Filter>Web\www\images</Filter>
    </Image>
    <Image Include="..\www\images\wind.png">
      <Filter>Web\www\images</Filter>
    </Image>
    <Image Include="..\www\images\Wind0.png">
      <Filter>Web\www\images</Filter>
    </Image>
    <Image Include="..\www\images\wind48.png">
      <Filter>Web\www\images</Filter>
    </Image>
    <Image Include="..\www\images\WindE.png">
      <Filter>Web\www\images</Filter>
    </Image>
    <Image Include="..\www\images\WindENE.png">
      <Filter>Web\www\images</Filter>
    </Image>
    <Image Include="..\www\images\WindESE.png">
      <Filter>Web\www\images</Filter>
    </Image>
    <Image Include="..\www\images\WindN.png">
      <Filter>Web\www\images</Filter>
    </Image>
    <Image Include="..\www\images\WindNE.png">
      <Filter>Web\www\images</Filter>
    </Image>
    <Image Include="..\www\images\WindNNE.png">
      <Filter>Web\www\images</Filter>
    </Image>
    <Image Include="..\www\images\WindNNW.png">
      <Filter>Web\www\images</Filter>
    </Image>
    <Image Include="..\www\images\WindNW.png">
      <Filter>Web\www\images</Filter>
    </Image>
    <Image Include="..\www\images\WindS.png">
      <Filter>Web\www\images</Filter>
    </Image>
    <Image Include="..\www\images\WindSE.png">
      <Filter>Web\www\images</Filter>
    </Image>
    <Image Include="..\www\images\WindSSE.png">
      <Filter>Web\www\images</Filter>
    </Image>
    <Image Include="..\www\images\WindSSW.png">
      <Filter>Web\www\images</Filter>
    </Image>
    <Image Include="..\www\images\WindSW.png">
      <Filter>Web\www\images</Filter>
    </Image>
    <Image Include="..\www\images\WindW.png">
      <Filter>Web\www\images</Filter>
    </Image>
    <Image Include="..\www\images\WindWNW.png">
      <Filter>Web\www\images</Filter>
    </Image>
    <Image Include="..\www\images\WindWSW.png">
      <Filter>Web\www\images</Filter>
    </Image>
    <Image Include="..\www\images\xls.png">
      <Filter>Web\www\images</Filter>
    </Image>
    <Image Include="..\www\images\xls_hover.png">
      <Filter>Web\www\images</Filter>
    </Image>
    <Image Include="..\www\images\evohome\Auto.png">
      <Filter>Web\www\images\evehome</Filter>
    </Image>
    <Image Include="..\www\images\evohome\AutoWithEco.png">
      <Filter>Web\www\images\evehome</Filter>
    </Image>
    <Image Include="..\www\images\evohome\AutoWithEcoInv.png">
      <Filter>Web\www\images\evehome</Filter>
    </Image>
    <Image Include="..\www\images\evohome\Away.png">
      <Filter>Web\www\images\evehome</Filter>
    </Image>
    <Image Include="..\www\images\evohome\AwayInv.png">
      <Filter>Web\www\images\evehome</Filter>
    </Image>
    <Image Include="..\www\images\evohome\Custom.png">
      <Filter>Web\www\images\evehome</Filter>
    </Image>
    <Image Include="..\www\images\evohome\CustomInv.png">
      <Filter>Web\www\images\evehome</Filter>
    </Image>
    <Image Include="..\www\images\evohome\DayOff.png">
      <Filter>Web\www\images\evehome</Filter>
    </Image>
    <Image Include="..\www\images\evohome\DayOffInv.png">
      <Filter>Web\www\images\evehome</Filter>
    </Image>
    <Image Include="..\www\images\evohome\HeatingOff.png">
      <Filter>Web\www\images\evehome</Filter>
    </Image>
    <Image Include="..\www\images\evohome\HeatingOffInv.png">
      <Filter>Web\www\images\evehome</Filter>
    </Image>
    <Image Include="..\www\images\evohome\Off.png">
      <Filter>Web\www\images\evehome</Filter>
    </Image>
    <Image Include="..\www\images\evohome\On.png">
      <Filter>Web\www\images\evehome</Filter>
    </Image>
    <Image Include="..\www\images\evohome\OpenWindow.png">
      <Filter>Web\www\images\evehome</Filter>
    </Image>
    <Image Include="..\www\images\evohome\PermanentOverride.png">
      <Filter>Web\www\images\evehome</Filter>
    </Image>
    <Image Include="..\www\images\evohome\PermanentOverrideInv.png">
      <Filter>Web\www\images\evehome</Filter>
    </Image>
    <Image Include="..\www\images\evohome\RemoteOverride.png">
      <Filter>Web\www\images\evehome</Filter>
    </Image>
    <Image Include="..\www\images\evohome\RemoteOverrideInv.png">
      <Filter>Web\www\images\evehome</Filter>
    </Image>
    <Image Include="..\www\images\evohome\TemporaryOverride.png">
      <Filter>Web\www\images\evehome</Filter>
    </Image>
    <Image Include="..\www\images\evohome\TemporaryOverrideInv.png">
      <Filter>Web\www\images\evehome</Filter>
    </Image>
    <Image Include="..\www\images\floorplans\example.jpg">
      <Filter>Web\www\images\floorplans</Filter>
    </Image>
    <Image Include="..\www\images\logo\57.png">
      <Filter>Web\www\images\logo</Filter>
    </Image>
    <Image Include="..\www\images\logo\72.png">
      <Filter>Web\www\images\logo</Filter>
    </Image>
    <Image Include="..\www\images\logo\76.png">
      <Filter>Web\www\images\logo</Filter>
    </Image>
    <Image Include="..\www\images\logo\114.png">
      <Filter>Web\www\images\logo</Filter>
    </Image>
    <Image Include="..\www\images\logo\144.png">
      <Filter>Web\www\images\logo</Filter>
    </Image>
    <Image Include="..\www\images\logo\152.png">
      <Filter>Web\www\images\logo</Filter>
    </Image>
    <Image Include="..\www\images\logo\180.png">
      <Filter>Web\www\images\logo</Filter>
    </Image>
    <Image Include="..\www\images\startup\apple-touch-startup-image-320x460.png">
      <Filter>Web\www\images\startup</Filter>
    </Image>
    <Image Include="..\www\images\startup\apple-touch-startup-image-640x920.png">
      <Filter>Web\www\images\startup</Filter>
    </Image>
    <Image Include="..\www\images\startup\apple-touch-startup-image-640x1096.png">
      <Filter>Web\www\images\startup</Filter>
    </Image>
    <Image Include="..\www\images\startup\apple-touch-startup-image-750x1294.png">
      <Filter>Web\www\images\startup</Filter>
    </Image>
    <Image Include="..\www\images\startup\apple-touch-startup-image-768x1004.png">
      <Filter>Web\www\images\startup</Filter>
    </Image>
    <Image Include="..\www\images\startup\apple-touch-startup-image-1024x748.png">
      <Filter>Web\www\images\startup</Filter>
    </Image>
    <Image Include="..\www\images\startup\apple-touch-startup-image-1242x2148.png">
      <Filter>Web\www\images\startup</Filter>
    </Image>
    <Image Include="..\www\images\startup\apple-touch-startup-image-1536x2008.png">
      <Filter>Web\www\images\startup</Filter>
    </Image>
    <Image Include="..\www\images\startup\apple-touch-startup-image-2048x1496.png">
      <Filter>Web\www\images\startup</Filter>
    </Image>
    <Image Include="..\www\images\startup\apple-touch-startup-image-2208x1182.png">
      <Filter>Web\www\images\startup</Filter>
    </Image>
  </ItemGroup>
  <ItemGroup>
    <Text Include="..\History.txt" />
  </ItemGroup>
</Project>